
Microsoft Visual Studio Solution File, Format Version 12.00
# Visual Studio Version 16
VisualStudioVersion = 16.0.34931.43
MinimumVisualStudioVersion = 10.0.40219.1
Project("{FAE04EC0-301F-11D3-BF4B-00C04F79EFBC}") = "ConsoleApp13", "ConsoleApp13.csproj", "{B7CA0387-E982-40E6-8F1E-CE7980A8EBCC}"
EndProject
Global
	GlobalSection(SolutionConfigurationPlatforms) = preSolution
		Debug|Any CPU = Debug|Any CPU
		Release|Any CPU = Release|Any CPU
	EndGlobalSection
	GlobalSection(ProjectConfigurationPlatforms) = postSolution
		{B7CA0387-E982-40E6-8F1E-CE7980A8EBCC}.Debug|Any CPU.ActiveCfg = Debug|Any CPU
		{B7CA0387-E982-40E6-8F1E-CE7980A8EBCC}.Debug|Any CPU.Build.0 = Debug|Any CPU
		{B7CA0387-E982-40E6-8F1E-CE7980A8EBCC}.Release|Any CPU.ActiveCfg = Release|Any CPU
		{B7CA0387-E982-40E6-8F1E-CE7980A8EBCC}.Release|Any CPU.Build.0 = Release|Any CPU
	EndGlobalSection
	GlobalSection(SolutionProperties) = preSolution
		HideSolutionNode = FALSE
	EndGlobalSection
	GlobalSection(ExtensibilityGlobals) = postSolution
		SolutionGuid = {6835E0AD-6471-41A4-99C6-55CB92D86953}
	EndGlobalSection
EndGlobal
